
Microsoft Visual Studio Solution File, Format Version 12.00
# Visual Studio Version 17
VisualStudioVersion = 17.6.33815.320
MinimumVisualStudioVersion = 10.0.40219.1
Project("{FAE04EC0-301F-11D3-BF4B-00C04F79EFBC}") = "ToDoList", "ToDoList\ToDoList.csproj", "{74E96569-32EF-4079-8528-882C6755E16A}"
EndProject
Global
	GlobalSection(SolutionConfigurationPlatforms) = preSolution
		Debug|Any CPU = Debug|Any CPU
		Release|Any CPU = Release|Any CPU
	EndGlobalSection
	GlobalSection(ProjectConfigurationPlatforms) = postSolution
		{74E96569-32EF-4079-8528-882C6755E16A}.Debug|Any CPU.ActiveCfg = Debug|Any CPU
		{74E96569-32EF-4079-8528-882C6755E16A}.Debug|Any CPU.Build.0 = Debug|Any CPU
		{74E96569-32EF-4079-8528-882C6755E16A}.Release|Any CPU.ActiveCfg = Release|Any CPU
		{74E96569-32EF-4079-8528-882C6755E16A}.Release|Any CPU.Build.0 = Release|Any CPU
	EndGlobalSection
	GlobalSection(SolutionProperties) = preSolution
		HideSolutionNode = FALSE
	EndGlobalSection
	GlobalSection(ExtensibilityGlobals) = postSolution
		SolutionGuid = {969C0003-9246-4040-8B19-C49FD5566FDB}
	EndGlobalSection
EndGlobal
